
Microsoft Visual Studio Solution File, Format Version 12.00
# Visual Studio Version 16
VisualStudioVersion = 16.0.33529.622
MinimumVisualStudioVersion = 10.0.40219.1
Project("{FAE04EC0-301F-11D3-BF4B-00C04F79EFBC}") = "BinarySearch", "BinarySearch\BinarySearch.csproj", "{8F26819A-8E16-43B2-831E-F3E8F322FE1B}"
EndProject
Global
	GlobalSection(SolutionConfigurationPlatforms) = preSolution
		Debug|Any CPU = Debug|Any CPU
		Release|Any CPU = Release|Any CPU
	EndGlobalSection
	GlobalSection(ProjectConfigurationPlatforms) = postSolution
		{8F26819A-8E16-43B2-831E-F3E8F322FE1B}.Debug|Any CPU.ActiveCfg = Debug|Any CPU
		{8F26819A-8E16-43B2-831E-F3E8F322FE1B}.Debug|Any CPU.Build.0 = Debug|Any CPU
		{8F26819A-8E16-43B2-831E-F3E8F322FE1B}.Release|Any CPU.ActiveCfg = Release|Any CPU
		{8F26819A-8E16-43B2-831E-F3E8F322FE1B}.Release|Any CPU.Build.0 = Release|Any CPU
	EndGlobalSection
	GlobalSection(SolutionProperties) = preSolution
		HideSolutionNode = FALSE
	EndGlobalSection
	GlobalSection(ExtensibilityGlobals) = postSolution
		SolutionGuid = {8CA3BE47-73E8-4E88-BDFF-535D8F64DB76}
	EndGlobalSection
EndGlobal
