
Microsoft Visual Studio Solution File, Format Version 12.00
# Visual Studio Version 16
VisualStudioVersion = 16.0.33529.622
MinimumVisualStudioVersion = 10.0.40219.1
Project("{FAE04EC0-301F-11D3-BF4B-00C04F79EFBC}") = "Multi_BigInterger", "Multi_BigInterger\Multi_BigInterger.csproj", "{1F09FA99-E0FC-42F0-BEB0-B323C674FB03}"
EndProject
Global
	GlobalSection(SolutionConfigurationPlatforms) = preSolution
		Debug|Any CPU = Debug|Any CPU
		Release|Any CPU = Release|Any CPU
	EndGlobalSection
	GlobalSection(ProjectConfigurationPlatforms) = postSolution
		{1F09FA99-E0FC-42F0-BEB0-B323C674FB03}.Debug|Any CPU.ActiveCfg = Debug|Any CPU
		{1F09FA99-E0FC-42F0-BEB0-B323C674FB03}.Debug|Any CPU.Build.0 = Debug|Any CPU
		{1F09FA99-E0FC-42F0-BEB0-B323C674FB03}.Release|Any CPU.ActiveCfg = Release|Any CPU
		{1F09FA99-E0FC-42F0-BEB0-B323C674FB03}.Release|Any CPU.Build.0 = Release|Any CPU
	EndGlobalSection
	GlobalSection(SolutionProperties) = preSolution
		HideSolutionNode = FALSE
	EndGlobalSection
	GlobalSection(ExtensibilityGlobals) = postSolution
		SolutionGuid = {4410A000-17D2-4D85-8BB0-A3CB84E4EE25}
	EndGlobalSection
EndGlobal
