
Microsoft Visual Studio Solution File, Format Version 12.00
# Visual Studio Version 16
VisualStudioVersion = 16.0.33529.622
MinimumVisualStudioVersion = 10.0.40219.1
Project("{FAE04EC0-301F-11D3-BF4B-00C04F79EFBC}") = "MergeSort", "MergeSort\MergeSort.csproj", "{05E9ED6B-628A-44A9-A47D-4A8A48507EBD}"
EndProject
Global
	GlobalSection(SolutionConfigurationPlatforms) = preSolution
		Debug|Any CPU = Debug|Any CPU
		Release|Any CPU = Release|Any CPU
	EndGlobalSection
	GlobalSection(ProjectConfigurationPlatforms) = postSolution
		{05E9ED6B-628A-44A9-A47D-4A8A48507EBD}.Debug|Any CPU.ActiveCfg = Debug|Any CPU
		{05E9ED6B-628A-44A9-A47D-4A8A48507EBD}.Debug|Any CPU.Build.0 = Debug|Any CPU
		{05E9ED6B-628A-44A9-A47D-4A8A48507EBD}.Release|Any CPU.ActiveCfg = Release|Any CPU
		{05E9ED6B-628A-44A9-A47D-4A8A48507EBD}.Release|Any CPU.Build.0 = Release|Any CPU
	EndGlobalSection
	GlobalSection(SolutionProperties) = preSolution
		HideSolutionNode = FALSE
	EndGlobalSection
	GlobalSection(ExtensibilityGlobals) = postSolution
		SolutionGuid = {137FAD35-71B1-4F1F-828D-72BFAD39B2CC}
	EndGlobalSection
EndGlobal
